<?xml version="1.0" encoding="utf-8"?>
<Project ToolsVersion="4.0" xmlns="http://schemas.microsoft.com/developer/msbuild/2003">
  <ItemGroup>
    <Filter Include="Source Files"><UniqueIdentifier>{ED6D7501-6E50-44D2-B59B-0DB7E2C32BB4}</UniqueIdentifier></Filter>
    <Filter Include="Shared"><UniqueIdentifier>{83FE8B65-63AC-44DB-A785-88466C7B6756}</UniqueIdentifier></Filter>
  </ItemGroup>
  <ItemGroup>
    <ClCompile Include="Tests.cpp"><Filter>Source Files</Filter></ClCompile>
    <ClCompile Include="..\..\src\VideoPlayer\MediaOpen.cpp"><Filter>Shared</Filter></ClCompile>
    <ClCompile Include="..\..\src\VideoPlayer\PathUtils.cpp"><Filter>Shared</Filter></ClCompile>
    <ClCompile Include="..\..\src\VideoPlayer\PlaybackMath.cpp"><Filter>Shared</Filter></ClCompile>
    <ClCompile Include="..\..\src\VideoPlayer\PreviewCache.cpp"><Filter>Shared</Filter></ClCompile>
    <ClCompile Include="..\..\src\VideoPlayer\PreviewMath.cpp"><Filter>Shared</Filter></ClCompile>
    <ClCompile Include="..\..\src\VideoPlayer\ProgressStrip.cpp"><Filter>Shared</Filter></ClCompile>
    <ClCompile Include="..\..\src\VideoPlayer\TimeFormatter.cpp"><Filter>Shared</Filter></ClCompile>
    <ClCompile Include="..\..\src\VideoPlayer\ToolbarVisibility.cpp"><Filter>Shared</Filter></ClCompile>
    <ClCompile Include="..\..\src\VideoPlayer\Utf8.cpp"><Filter>Shared</Filter></ClCompile>
    <ClCompile Include="..\..\src\VideoPlayer\VideoGeometry.cpp"><Filter>Shared</Filter></ClCompile>
  </ItemGroup>
  <ItemGroup>
    <ClInclude Include="..\..\src\VideoPlayer\App.h"><Filter>Shared</Filter></ClInclude>
    <ClInclude Include="..\..\src\VideoPlayer\MediaOpen.h"><Filter>Shared</Filter></ClInclude>
    <ClInclude Include="..\..\src\VideoPlayer\PathUtils.h"><Filter>Shared</Filter></ClInclude>
    <ClInclude Include="..\..\src\VideoPlayer\PlaybackMath.h"><Filter>Shared</Filter></ClInclude>
    <ClInclude Include="..\..\src\VideoPlayer\PreviewCache.h"><Filter>Shared</Filter></ClInclude>
    <ClInclude Include="..\..\src\VideoPlayer\PreviewFrame.h"><Filter>Shared</Filter></ClInclude>
    <ClInclude Include="..\..\src\VideoPlayer\PreviewMath.h"><Filter>Shared</Filter></ClInclude>
    <ClInclude Include="..\..\src\VideoPlayer\ProgressStrip.h"><Filter>Shared</Filter></ClInclude>
    <ClInclude Include="..\..\src\VideoPlayer\PrivacyPolicy.h"><Filter>Shared</Filter></ClInclude>
    <ClInclude Include="..\..\src\VideoPlayer\TimeFormatter.h"><Filter>Shared</Filter></ClInclude>
    <ClInclude Include="..\..\src\VideoPlayer\ToolbarVisibility.h"><Filter>Shared</Filter></ClInclude>
    <ClInclude Include="..\..\src\VideoPlayer\Utf8.h"><Filter>Shared</Filter></ClInclude>
    <ClInclude Include="..\..\src\VideoPlayer\VideoGeometry.h"><Filter>Shared</Filter></ClInclude>
    <ClInclude Include="..\..\src\VideoPlayer\ZoomState.h"><Filter>Shared</Filter></ClInclude>
  </ItemGroup>
  <ItemGroup>
    <ClCompile Include="UiLifecycleTests.cpp" />
    <ClCompile Include="PreviewLifecycleTests.cpp" />
    <ClCompile Include="..\..\src\VideoPlayer\MainWindow.cpp" />
    <ClCompile Include="..\..\src\VideoPlayer\PlayerEngine.cpp" />
    <ClCompile Include="..\..\src\VideoPlayer\PreviewEngine.cpp" />
    <ClCompile Include="..\..\src\VideoPlayer\LibVlcRuntime.cpp" />
    <ClCompile Include="..\..\src\VideoPlayer\PreviewPopup.cpp" />
    <ClCompile Include="..\..\src\VideoPlayer\SelectionOverlay.cpp" />
    <ClInclude Include="FakePlayerBackend.h" />
    <ClInclude Include="PreviewLifecycleTests.h" />
    <ClInclude Include="PlaybackSnapshotTests.h" />
    <ClInclude Include="..\..\src\VideoPlayer\PlaybackSnapshot.h" />
    <ClInclude Include="..\..\src\VideoPlayer\PlayerEngineTestAccess.h" />
  </ItemGroup>
</Project>
